
Microsoft Visual Studio Solution File, Format Version 12.00
# Visual Studio Version 17
VisualStudioVersion = 17.14.36301.6 d17.14
MinimumVisualStudioVersion = 10.0.40219.1
Project("{FAE04EC0-301F-11D3-BF4B-00C04F79EFBC}") = "DeepSigma.General", "DeepSigma.General.csproj", "{861EBB8F-DC68-4C32-8614-425D8B860CDC}"
EndProject
Global
	GlobalSection(SolutionConfigurationPlatforms) = preSolution
		Debug|Any CPU = Debug|Any CPU
		Release|Any CPU = Release|Any CPU
	EndGlobalSection
	GlobalSection(ProjectConfigurationPlatforms) = postSolution
		{861EBB8F-DC68-4C32-8614-425D8B860CDC}.Debug|Any CPU.ActiveCfg = Debug|Any CPU
		{861EBB8F-DC68-4C32-8614-425D8B860CDC}.Debug|Any CPU.Build.0 = Debug|Any CPU
		{861EBB8F-DC68-4C32-8614-425D8B860CDC}.Release|Any CPU.ActiveCfg = Release|Any CPU
		{861EBB8F-DC68-4C32-8614-425D8B860CDC}.Release|Any CPU.Build.0 = Release|Any CPU
	EndGlobalSection
	GlobalSection(SolutionProperties) = preSolution
		HideSolutionNode = FALSE
	EndGlobalSection
	GlobalSection(ExtensibilityGlobals) = postSolution
		SolutionGuid = {6FE3221E-DE97-4BCF-9579-DE5343D88581}
	EndGlobalSection
EndGlobal
